
Microsoft Visual Studio Solution File, Format Version 12.00
# Visual Studio 15
Project("{FAE04EC0-301F-11D3-BF4B-00C04F79EFBC}") = "Assembly-CSharp-firstpass", "Assembly-CSharp-firstpass.csproj", "{A5FF5954-A2D4-F259-5F0D-CABFBCC72939}"
EndProject
Project("{FAE04EC0-301F-11D3-BF4B-00C04F79EFBC}") = "Assembly-CSharp", "Assembly-CSharp.csproj", "{FCBBB6F7-555C-5D84-F056-6ED668CF83FD}"
EndProject
Project("{FAE04EC0-301F-11D3-BF4B-00C04F79EFBC}") = "Assembly-CSharp-Editor-firstpass", "Assembly-CSharp-Editor-firstpass.csproj", "{8A45E359-8F94-6206-219F-8448065CE43E}"
EndProject
Project("{FAE04EC0-301F-11D3-BF4B-00C04F79EFBC}") = "Assembly-CSharp-Editor", "Assembly-CSharp-Editor.csproj", "{C29A193A-BE26-39FB-5675-8A5346935DE1}"
EndProject
Global
	GlobalSection(SolutionConfigurationPlatforms) = preSolution
		Debug|Any CPU = Debug|Any CPU
		Release|Any CPU = Release|Any CPU
	EndGlobalSection
	GlobalSection(ProjectConfigurationPlatforms) = postSolution
		{A5FF5954-A2D4-F259-5F0D-CABFBCC72939}.Debug|Any CPU.ActiveCfg = Debug|Any CPU
		{A5FF5954-A2D4-F259-5F0D-CABFBCC72939}.Debug|Any CPU.Build.0 = Debug|Any CPU
		{A5FF5954-A2D4-F259-5F0D-CABFBCC72939}.Release|Any CPU.ActiveCfg = Release|Any CPU
		{A5FF5954-A2D4-F259-5F0D-CABFBCC72939}.Release|Any CPU.Build.0 = Release|Any CPU
		{FCBBB6F7-555C-5D84-F056-6ED668CF83FD}.Debug|Any CPU.ActiveCfg = Debug|Any CPU
		{FCBBB6F7-555C-5D84-F056-6ED668CF83FD}.Debug|Any CPU.Build.0 = Debug|Any CPU
		{FCBBB6F7-555C-5D84-F056-6ED668CF83FD}.Release|Any CPU.ActiveCfg = Release|Any CPU
		{FCBBB6F7-555C-5D84-F056-6ED668CF83FD}.Release|Any CPU.Build.0 = Release|Any CPU
		{8A45E359-8F94-6206-219F-8448065CE43E}.Debug|Any CPU.ActiveCfg = Debug|Any CPU
		{8A45E359-8F94-6206-219F-8448065CE43E}.Debug|Any CPU.Build.0 = Debug|Any CPU
		{8A45E359-8F94-6206-219F-8448065CE43E}.Release|Any CPU.ActiveCfg = Release|Any CPU
		{8A45E359-8F94-6206-219F-8448065CE43E}.Release|Any CPU.Build.0 = Release|Any CPU
		{C29A193A-BE26-39FB-5675-8A5346935DE1}.Debug|Any CPU.ActiveCfg = Debug|Any CPU
		{C29A193A-BE26-39FB-5675-8A5346935DE1}.Debug|Any CPU.Build.0 = Debug|Any CPU
		{C29A193A-BE26-39FB-5675-8A5346935DE1}.Release|Any CPU.ActiveCfg = Release|Any CPU
		{C29A193A-BE26-39FB-5675-8A5346935DE1}.Release|Any CPU.Build.0 = Release|Any CPU
	EndGlobalSection
	GlobalSection(SolutionProperties) = preSolution
		HideSolutionNode = FALSE
	EndGlobalSection
EndGlobal
